// !$*UTF8*$!
{
	archiveVersion = 1;
	classes = {
	};
	objectVersion = 56;
	objects = {

/* Begin PBXBuildFile section */
		651C28102C470FF500FFE3A6 /* CrateApp.swift in Sources */ = {isa = PBXBuildFile; fileRef = 651C280F2C470FF500FFE3A6 /* CrateApp.swift */; };
		651C28142C470FF600FFE3A6 /* Assets.xcassets in Resources */ = {isa = PBXBuildFile; fileRef = 651C28132C470FF600FFE3A6 /* Assets.xcassets */; };
		651C28172C470FF600FFE3A6 /* Preview Assets.xcassets in Resources */ = {isa = PBXBuildFile; fileRef = 651C28162C470FF600FFE3A6 /* Preview Assets.xcassets */; };
		651C283E2C47105B00FFE3A6 /* HomeViewModel.swift in Sources */ = {isa = PBXBuildFile; fileRef = 651C281F2C47105B00FFE3A6 /* HomeViewModel.swift */; };
		651C28402C47105B00FFE3A6 /* AlbumModel.swift in Sources */ = {isa = PBXBuildFile; fileRef = 651C28222C47105B00FFE3A6 /* AlbumModel.swift */; };
		651C28412C47105B00FFE3A6 /* ArtistModel.swift in Sources */ = {isa = PBXBuildFile; fileRef = 651C28232C47105B00FFE3A6 /* ArtistModel.swift */; };
		651C28422C47105B00FFE3A6 /* ListModel.swift in Sources */ = {isa = PBXBuildFile; fileRef = 651C28242C47105B00FFE3A6 /* ListModel.swift */; };
		651C28432C47105B00FFE3A6 /* ReviewModel.swift in Sources */ = {isa = PBXBuildFile; fileRef = 651C28252C47105B00FFE3A6 /* ReviewModel.swift */; };
		651C28442C47105B00FFE3A6 /* TrackModel.swift in Sources */ = {isa = PBXBuildFile; fileRef = 651C28262C47105B00FFE3A6 /* TrackModel.swift */; };
		651C28452C47105B00FFE3A6 /* UserModel.swift in Sources */ = {isa = PBXBuildFile; fileRef = 651C28272C47105B00FFE3A6 /* UserModel.swift */; };
		651C28462C47105B00FFE3A6 /* Color+Extensions.swift in Sources */ = {isa = PBXBuildFile; fileRef = 651C28292C47105B00FFE3A6 /* Color+Extensions.swift */; };
		651C28472C47105B00FFE3A6 /* UIImageColors.swift in Sources */ = {isa = PBXBuildFile; fileRef = 651C282B2C47105B00FFE3A6 /* UIImageColors.swift */; };
		651C28482C47105B00FFE3A6 /* Models+IdentifiableProtocol.swift in Sources */ = {isa = PBXBuildFile; fileRef = 651C282D2C47105B00FFE3A6 /* Models+IdentifiableProtocol.swift */; };
		651C28492C47105B00FFE3A6 /* SpotifyAPIService.swift in Sources */ = {isa = PBXBuildFile; fileRef = 651C282F2C47105B00FFE3A6 /* SpotifyAPIService.swift */; };
		651C284A2C47105B00FFE3A6 /* ColorUtilities.swift in Sources */ = {isa = PBXBuildFile; fileRef = 651C28312C47105B00FFE3A6 /* ColorUtilities.swift */; };
		651C284B2C47105B00FFE3A6 /* Errors.swift in Sources */ = {isa = PBXBuildFile; fileRef = 651C28332C47105B00FFE3A6 /* Errors.swift */; };
		651C284C2C47105B00FFE3A6 /* ActivityView.swift in Sources */ = {isa = PBXBuildFile; fileRef = 651C28352C47105B00FFE3A6 /* ActivityView.swift */; };
		65A0D4CA2C4FADE200246367 /* ContentView.swift in Sources */ = {isa = PBXBuildFile; fileRef = 65A0D4C92C4FADE200246367 /* ContentView.swift */; };
		65A0D4CE2C4FADF800246367 /* AlbumViewModel.swift in Sources */ = {isa = PBXBuildFile; fileRef = 65A0D4CB2C4FADF800246367 /* AlbumViewModel.swift */; };
		65A0D4CF2C4FADF800246367 /* AlbumContextViewModel.swift in Sources */ = {isa = PBXBuildFile; fileRef = 65A0D4CC2C4FADF800246367 /* AlbumContextViewModel.swift */; };
		65A0D4D02C4FADF800246367 /* SearchViewModel.swift in Sources */ = {isa = PBXBuildFile; fileRef = 65A0D4CD2C4FADF800246367 /* SearchViewModel.swift */; };
		65A0D4D52C4FAE0F00246367 /* AddView.swift in Sources */ = {isa = PBXBuildFile; fileRef = 65A0D4D12C4FAE0F00246367 /* AddView.swift */; };
		65A0D4D62C4FAE0F00246367 /* HomeView.swift in Sources */ = {isa = PBXBuildFile; fileRef = 65A0D4D22C4FAE0F00246367 /* HomeView.swift */; };
		65A0D4D72C4FAE0F00246367 /* SearchView.swift in Sources */ = {isa = PBXBuildFile; fileRef = 65A0D4D32C4FAE0F00246367 /* SearchView.swift */; };
		65A0D4D82C4FAE0F00246367 /* ProfileView.swift in Sources */ = {isa = PBXBuildFile; fileRef = 65A0D4D42C4FAE0F00246367 /* ProfileView.swift */; };
/* End PBXBuildFile section */

/* Begin PBXFileReference section */
		651C280C2C470FF500FFE3A6 /* Crate.app */ = {isa = PBXFileReference; explicitFileType = wrapper.application; includeInIndex = 0; path = Crate.app; sourceTree = BUILT_PRODUCTS_DIR; };
		651C280F2C470FF500FFE3A6 /* CrateApp.swift */ = {isa = PBXFileReference; lastKnownFileType = sourcecode.swift; path = CrateApp.swift; sourceTree = "<group>"; };
		651C28132C470FF600FFE3A6 /* Assets.xcassets */ = {isa = PBXFileReference; lastKnownFileType = folder.assetcatalog; path = Assets.xcassets; sourceTree = "<group>"; };
		651C28162C470FF600FFE3A6 /* Preview Assets.xcassets */ = {isa = PBXFileReference; lastKnownFileType = folder.assetcatalog; path = "Preview Assets.xcassets"; sourceTree = "<group>"; };
		651C281F2C47105B00FFE3A6 /* HomeViewModel.swift */ = {isa = PBXFileReference; fileEncoding = 4; lastKnownFileType = sourcecode.swift; path = HomeViewModel.swift; sourceTree = "<group>"; };
		651C28222C47105B00FFE3A6 /* AlbumModel.swift */ = {isa = PBXFileReference; fileEncoding = 4; lastKnownFileType = sourcecode.swift; path = AlbumModel.swift; sourceTree = "<group>"; };
		651C28232C47105B00FFE3A6 /* ArtistModel.swift */ = {isa = PBXFileReference; fileEncoding = 4; lastKnownFileType = sourcecode.swift; path = ArtistModel.swift; sourceTree = "<group>"; };
		651C28242C47105B00FFE3A6 /* ListModel.swift */ = {isa = PBXFileReference; fileEncoding = 4; lastKnownFileType = sourcecode.swift; path = ListModel.swift; sourceTree = "<group>"; };
		651C28252C47105B00FFE3A6 /* ReviewModel.swift */ = {isa = PBXFileReference; fileEncoding = 4; lastKnownFileType = sourcecode.swift; path = ReviewModel.swift; sourceTree = "<group>"; };
		651C28262C47105B00FFE3A6 /* TrackModel.swift */ = {isa = PBXFileReference; fileEncoding = 4; lastKnownFileType = sourcecode.swift; path = TrackModel.swift; sourceTree = "<group>"; };
		651C28272C47105B00FFE3A6 /* UserModel.swift */ = {isa = PBXFileReference; fileEncoding = 4; lastKnownFileType = sourcecode.swift; path = UserModel.swift; sourceTree = "<group>"; };
		651C28292C47105B00FFE3A6 /* Color+Extensions.swift */ = {isa = PBXFileReference; fileEncoding = 4; lastKnownFileType = sourcecode.swift; path = "Color+Extensions.swift"; sourceTree = "<group>"; };
		651C282B2C47105B00FFE3A6 /* UIImageColors.swift */ = {isa = PBXFileReference; fileEncoding = 4; lastKnownFileType = sourcecode.swift; path = UIImageColors.swift; sourceTree = "<group>"; };
		651C282D2C47105B00FFE3A6 /* Models+IdentifiableProtocol.swift */ = {isa = PBXFileReference; fileEncoding = 4; lastKnownFileType = sourcecode.swift; path = "Models+IdentifiableProtocol.swift"; sourceTree = "<group>"; };
		651C282F2C47105B00FFE3A6 /* SpotifyAPIService.swift */ = {isa = PBXFileReference; fileEncoding = 4; lastKnownFileType = sourcecode.swift; path = SpotifyAPIService.swift; sourceTree = "<group>"; };
		651C28312C47105B00FFE3A6 /* ColorUtilities.swift */ = {isa = PBXFileReference; fileEncoding = 4; lastKnownFileType = sourcecode.swift; path = ColorUtilities.swift; sourceTree = "<group>"; };
		651C28332C47105B00FFE3A6 /* Errors.swift */ = {isa = PBXFileReference; fileEncoding = 4; lastKnownFileType = sourcecode.swift; path = Errors.swift; sourceTree = "<group>"; };
		651C28352C47105B00FFE3A6 /* ActivityView.swift */ = {isa = PBXFileReference; fileEncoding = 4; lastKnownFileType = sourcecode.swift; path = ActivityView.swift; sourceTree = "<group>"; };
		65A0D4C92C4FADE200246367 /* ContentView.swift */ = {isa = PBXFileReference; fileEncoding = 4; lastKnownFileType = sourcecode.swift; path = ContentView.swift; sourceTree = "<group>"; };
		65A0D4CB2C4FADF800246367 /* AlbumViewModel.swift */ = {isa = PBXFileReference; fileEncoding = 4; lastKnownFileType = sourcecode.swift; name = AlbumViewModel.swift; path = "../../../../Documents/Recovery/View Models/AlbumViewModel.swift"; sourceTree = "<group>"; };
		65A0D4CC2C4FADF800246367 /* AlbumContextViewModel.swift */ = {isa = PBXFileReference; fileEncoding = 4; lastKnownFileType = sourcecode.swift; name = AlbumContextViewModel.swift; path = "../../../../Documents/Recovery/View Models/AlbumContextViewModel.swift"; sourceTree = "<group>"; };
		65A0D4CD2C4FADF800246367 /* SearchViewModel.swift */ = {isa = PBXFileReference; fileEncoding = 4; lastKnownFileType = sourcecode.swift; path = SearchViewModel.swift; sourceTree = "<group>"; };
		65A0D4D12C4FAE0F00246367 /* AddView.swift */ = {isa = PBXFileReference; fileEncoding = 4; lastKnownFileType = sourcecode.swift; name = AddView.swift; path = ../../../../Documents/Recovery/Views/AddView.swift; sourceTree = "<group>"; };
		65A0D4D22C4FAE0F00246367 /* HomeView.swift */ = {isa = PBXFileReference; fileEncoding = 4; lastKnownFileType = sourcecode.swift; path = HomeView.swift; sourceTree = "<group>"; };
		65A0D4D32C4FAE0F00246367 /* SearchView.swift */ = {isa = PBXFileReference; fileEncoding = 4; lastKnownFileType = sourcecode.swift; path = SearchView.swift; sourceTree = "<group>"; };
		65A0D4D42C4FAE0F00246367 /* ProfileView.swift */ = {isa = PBXFileReference; fileEncoding = 4; lastKnownFileType = sourcecode.swift; name = ProfileView.swift; path = ../../../../Documents/Recovery/Views/ProfileView.swift; sourceTree = "<group>"; };
/* End PBXFileReference section */

/* Begin PBXFrameworksBuildPhase section */
		651C28092C470FF500FFE3A6 /* Frameworks */ = {
			isa = PBXFrameworksBuildPhase;
			buildActionMask = 2147483647;
			files = (
			);
			runOnlyForDeploymentPostprocessing = 0;
		};
/* End PBXFrameworksBuildPhase section */

/* Begin PBXGroup section */
		651C28032C470FF500FFE3A6 = {
			isa = PBXGroup;
			children = (
				651C280E2C470FF500FFE3A6 /* Crate */,
				651C280D2C470FF500FFE3A6 /* Products */,
			);
			sourceTree = "<group>";
		};
		651C280D2C470FF500FFE3A6 /* Products */ = {
			isa = PBXGroup;
			children = (
				651C280C2C470FF500FFE3A6 /* Crate.app */,
			);
			name = Products;
			sourceTree = "<group>";
		};
		651C280E2C470FF500FFE3A6 /* Crate */ = {
			isa = PBXGroup;
			children = (
				651C28342C47105B00FFE3A6 /* Common */,
				651C28282C47105B00FFE3A6 /* Models */,
				651C28152C470FF600FFE3A6 /* Preview Content */,
				651C28212C47105B00FFE3A6 /* View Models */,
				651C283B2C47105B00FFE3A6 /* Views */,
				651C28132C470FF600FFE3A6 /* Assets.xcassets */,
				65A0D4C92C4FADE200246367 /* ContentView.swift */,
				651C280F2C470FF500FFE3A6 /* CrateApp.swift */,
			);
			path = Crate;
			sourceTree = "<group>";
		};
		651C28152C470FF600FFE3A6 /* Preview Content */ = {
			isa = PBXGroup;
			children = (
				651C28162C470FF600FFE3A6 /* Preview Assets.xcassets */,
			);
			path = "Preview Content";
			sourceTree = "<group>";
		};
		651C28212C47105B00FFE3A6 /* View Models */ = {
			isa = PBXGroup;
			children = (
				65A0D4CC2C4FADF800246367 /* AlbumContextViewModel.swift */,
				65A0D4CB2C4FADF800246367 /* AlbumViewModel.swift */,
				651C281F2C47105B00FFE3A6 /* HomeViewModel.swift */,
				65A0D4CD2C4FADF800246367 /* SearchViewModel.swift */,
			);
			path = "View Models";
			sourceTree = "<group>";
		};
		651C28282C47105B00FFE3A6 /* Models */ = {
			isa = PBXGroup;
			children = (
				651C28222C47105B00FFE3A6 /* AlbumModel.swift */,
				651C28232C47105B00FFE3A6 /* ArtistModel.swift */,
				651C28242C47105B00FFE3A6 /* ListModel.swift */,
				651C28252C47105B00FFE3A6 /* ReviewModel.swift */,
				651C28262C47105B00FFE3A6 /* TrackModel.swift */,
				651C28272C47105B00FFE3A6 /* UserModel.swift */,
			);
			path = Models;
			sourceTree = "<group>";
		};
		651C282A2C47105B00FFE3A6 /* Extensions */ = {
			isa = PBXGroup;
			children = (
				651C28292C47105B00FFE3A6 /* Color+Extensions.swift */,
			);
			path = Extensions;
			sourceTree = "<group>";
		};
		651C282C2C47105B00FFE3A6 /* Modules */ = {
			isa = PBXGroup;
			children = (
				651C282B2C47105B00FFE3A6 /* UIImageColors.swift */,
			);
			path = Modules;
			sourceTree = "<group>";
		};
		651C282E2C47105B00FFE3A6 /* Protocols */ = {
			isa = PBXGroup;
			children = (
				651C282D2C47105B00FFE3A6 /* Models+IdentifiableProtocol.swift */,
			);
			path = Protocols;
			sourceTree = "<group>";
		};
		651C28302C47105B00FFE3A6 /* Services */ = {
			isa = PBXGroup;
			children = (
				651C282F2C47105B00FFE3A6 /* SpotifyAPIService.swift */,
			);
			path = Services;
			sourceTree = "<group>";
		};
		651C28322C47105B00FFE3A6 /* Utilities */ = {
			isa = PBXGroup;
			children = (
				651C28312C47105B00FFE3A6 /* ColorUtilities.swift */,
			);
			path = Utilities;
			sourceTree = "<group>";
		};
		651C28342C47105B00FFE3A6 /* Common */ = {
			isa = PBXGroup;
			children = (
				651C282A2C47105B00FFE3A6 /* Extensions */,
				651C282C2C47105B00FFE3A6 /* Modules */,
				651C282E2C47105B00FFE3A6 /* Protocols */,
				651C28302C47105B00FFE3A6 /* Services */,
				651C28322C47105B00FFE3A6 /* Utilities */,
				651C28332C47105B00FFE3A6 /* Errors.swift */,
			);
			path = Common;
			sourceTree = "<group>";
		};
		651C283B2C47105B00FFE3A6 /* Views */ = {
			isa = PBXGroup;
			children = (
				651C28352C47105B00FFE3A6 /* ActivityView.swift */,
				65A0D4D12C4FAE0F00246367 /* AddView.swift */,
				65A0D4D22C4FAE0F00246367 /* HomeView.swift */,
				65A0D4D42C4FAE0F00246367 /* ProfileView.swift */,
				65A0D4D32C4FAE0F00246367 /* SearchView.swift */,
			);
			path = Views;
			sourceTree = "<group>";
		};
/* End PBXGroup section */

/* Begin PBXNativeTarget section */
		651C280B2C470FF500FFE3A6 /* Crate */ = {
			isa = PBXNativeTarget;
			buildConfigurationList = 651C281A2C470FF600FFE3A6 /* Build configuration list for PBXNativeTarget "Crate" */;
			buildPhases = (
				651C28082C470FF500FFE3A6 /* Sources */,
				651C28092C470FF500FFE3A6 /* Frameworks */,
				651C280A2C470FF500FFE3A6 /* Resources */,
			);
			buildRules = (
			);
			dependencies = (
			);
			name = Crate;
			productName = Crate;
			productReference = 651C280C2C470FF500FFE3A6 /* Crate.app */;
			productType = "com.apple.product-type.application";
		};
/* End PBXNativeTarget section */

/* Begin PBXProject section */
		651C28042C470FF500FFE3A6 /* Project object */ = {
			isa = PBXProject;
			attributes = {
				BuildIndependentTargetsInParallel = 1;
				LastSwiftUpdateCheck = 1540;
				LastUpgradeCheck = 1540;
				TargetAttributes = {
					651C280B2C470FF500FFE3A6 = {
						CreatedOnToolsVersion = 15.4;
					};
				};
			};
			buildConfigurationList = 651C28072C470FF500FFE3A6 /* Build configuration list for PBXProject "Crate" */;
			compatibilityVersion = "Xcode 14.0";
			developmentRegion = en;
			hasScannedForEncodings = 0;
			knownRegions = (
				en,
				Base,
			);
			mainGroup = 651C28032C470FF500FFE3A6;
			productRefGroup = 651C280D2C470FF500FFE3A6 /* Products */;
			projectDirPath = "";
			projectRoot = "";
			targets = (
				651C280B2C470FF500FFE3A6 /* Crate */,
			);
		};
/* End PBXProject section */

/* Begin PBXResourcesBuildPhase section */
		651C280A2C470FF500FFE3A6 /* Resources */ = {
			isa = PBXResourcesBuildPhase;
			buildActionMask = 2147483647;
			files = (
				651C28172C470FF600FFE3A6 /* Preview Assets.xcassets in Resources */,
				651C28142C470FF600FFE3A6 /* Assets.xcassets in Resources */,
			);
			runOnlyForDeploymentPostprocessing = 0;
		};
/* End PBXResourcesBuildPhase section */

/* Begin PBXSourcesBuildPhase section */
		651C28082C470FF500FFE3A6 /* Sources */ = {
			isa = PBXSourcesBuildPhase;
			buildActionMask = 2147483647;
			files = (
				651C28422C47105B00FFE3A6 /* ListModel.swift in Sources */,
				651C28402C47105B00FFE3A6 /* AlbumModel.swift in Sources */,
				65A0D4CE2C4FADF800246367 /* AlbumViewModel.swift in Sources */,
				651C28442C47105B00FFE3A6 /* TrackModel.swift in Sources */,
				651C28432C47105B00FFE3A6 /* ReviewModel.swift in Sources */,
				651C28462C47105B00FFE3A6 /* Color+Extensions.swift in Sources */,
				65A0D4CA2C4FADE200246367 /* ContentView.swift in Sources */,
				651C284A2C47105B00FFE3A6 /* ColorUtilities.swift in Sources */,
				651C28412C47105B00FFE3A6 /* ArtistModel.swift in Sources */,
				651C283E2C47105B00FFE3A6 /* HomeViewModel.swift in Sources */,
				65A0D4D72C4FAE0F00246367 /* SearchView.swift in Sources */,
				651C284C2C47105B00FFE3A6 /* ActivityView.swift in Sources */,
				651C28492C47105B00FFE3A6 /* SpotifyAPIService.swift in Sources */,
				65A0D4D52C4FAE0F00246367 /* AddView.swift in Sources */,
				651C28472C47105B00FFE3A6 /* UIImageColors.swift in Sources */,
				65A0D4D02C4FADF800246367 /* SearchViewModel.swift in Sources */,
				65A0D4D62C4FAE0F00246367 /* HomeView.swift in Sources */,
				65A0D4D82C4FAE0F00246367 /* ProfileView.swift in Sources */,
				651C28482C47105B00FFE3A6 /* Models+IdentifiableProtocol.swift in Sources */,
				65A0D4CF2C4FADF800246367 /* AlbumContextViewModel.swift in Sources */,
				651C28452C47105B00FFE3A6 /* UserModel.swift in Sources */,
				651C284B2C47105B00FFE3A6 /* Errors.swift in Sources */,
				651C28102C470FF500FFE3A6 /* CrateApp.swift in Sources */,
			);
			runOnlyForDeploymentPostprocessing = 0;
		};
/* End PBXSourcesBuildPhase section */

/* Begin XCBuildConfiguration section */
		651C28182C470FF600FFE3A6 /* Debug */ = {
			isa = XCBuildConfiguration;
			buildSettings = {
				ALWAYS_SEARCH_USER_PATHS = NO;
				ASSETCATALOG_COMPILER_GENERATE_SWIFT_ASSET_SYMBOL_EXTENSIONS = YES;
				CLANG_ANALYZER_NONNULL = YES;
				CLANG_ANALYZER_NUMBER_OBJECT_CONVERSION = YES_AGGRESSIVE;
				CLANG_CXX_LANGUAGE_STANDARD = "gnu++20";
				CLANG_ENABLE_MODULES = YES;
				CLANG_ENABLE_OBJC_ARC = YES;
				CLANG_ENABLE_OBJC_WEAK = YES;
				CLANG_WARN_BLOCK_CAPTURE_AUTORELEASING = YES;
				CLANG_WARN_BOOL_CONVERSION = YES;
				CLANG_WARN_COMMA = YES;
				CLANG_WARN_CONSTANT_CONVERSION = YES;
				CLANG_WARN_DEPRECATED_OBJC_IMPLEMENTATIONS = YES;
				CLANG_WARN_DIRECT_OBJC_ISA_USAGE = YES_ERROR;
				CLANG_WARN_DOCUMENTATION_COMMENTS = YES;
				CLANG_WARN_EMPTY_BODY = YES;
				CLANG_WARN_ENUM_CONVERSION = YES;
				CLANG_WARN_INFINITE_RECURSION = YES;
				CLANG_WARN_INT_CONVERSION = YES;
				CLANG_WARN_NON_LITERAL_NULL_CONVERSION = YES;
				CLANG_WARN_OBJC_IMPLICIT_RETAIN_SELF = YES;
				CLANG_WARN_OBJC_LITERAL_CONVERSION = YES;
				CLANG_WARN_OBJC_ROOT_CLASS = YES_ERROR;
				CLANG_WARN_QUOTED_INCLUDE_IN_FRAMEWORK_HEADER = YES;
				CLANG_WARN_RANGE_LOOP_ANALYSIS = YES;
				CLANG_WARN_STRICT_PROTOTYPES = YES;
				CLANG_WARN_SUSPICIOUS_MOVE = YES;
				CLANG_WARN_UNGUARDED_AVAILABILITY = YES_AGGRESSIVE;
				CLANG_WARN_UNREACHABLE_CODE = YES;
				CLANG_WARN__DUPLICATE_METHOD_MATCH = YES;
				COPY_PHASE_STRIP = NO;
				DEBUG_INFORMATION_FORMAT = dwarf;
				ENABLE_STRICT_OBJC_MSGSEND = YES;
				ENABLE_TESTABILITY = YES;
				ENABLE_USER_SCRIPT_SANDBOXING = YES;
				GCC_C_LANGUAGE_STANDARD = gnu17;
				GCC_DYNAMIC_NO_PIC = NO;
				GCC_NO_COMMON_BLOCKS = YES;
				GCC_OPTIMIZATION_LEVEL = 0;
				GCC_PREPROCESSOR_DEFINITIONS = (
					"DEBUG=1",
					"$(inherited)",
				);
				GCC_WARN_64_TO_32_BIT_CONVERSION = YES;
				GCC_WARN_ABOUT_RETURN_TYPE = YES_ERROR;
				GCC_WARN_UNDECLARED_SELECTOR = YES;
				GCC_WARN_UNINITIALIZED_AUTOS = YES_AGGRESSIVE;
				GCC_WARN_UNUSED_FUNCTION = YES;
				GCC_WARN_UNUSED_VARIABLE = YES;
				IPHONEOS_DEPLOYMENT_TARGET = 17.5;
				LOCALIZATION_PREFERS_STRING_CATALOGS = YES;
				MTL_ENABLE_DEBUG_INFO = INCLUDE_SOURCE;
				MTL_FAST_MATH = YES;
				ONLY_ACTIVE_ARCH = YES;
				SDKROOT = iphoneos;
				SWIFT_ACTIVE_COMPILATION_CONDITIONS = "DEBUG $(inherited)";
				SWIFT_OPTIMIZATION_LEVEL = "-Onone";
			};
			name = Debug;
		};
		651C28192C470FF600FFE3A6 /* Release */ = {
			isa = XCBuildConfiguration;
			buildSettings = {
				ALWAYS_SEARCH_USER_PATHS = NO;
				ASSETCATALOG_COMPILER_GENERATE_SWIFT_ASSET_SYMBOL_EXTENSIONS = YES;
				CLANG_ANALYZER_NONNULL = YES;
				CLANG_ANALYZER_NUMBER_OBJECT_CONVERSION = YES_AGGRESSIVE;
				CLANG_CXX_LANGUAGE_STANDARD = "gnu++20";
				CLANG_ENABLE_MODULES = YES;
				CLANG_ENABLE_OBJC_ARC = YES;
				CLANG_ENABLE_OBJC_WEAK = YES;
				CLANG_WARN_BLOCK_CAPTURE_AUTORELEASING = YES;
				CLANG_WARN_BOOL_CONVERSION = YES;
				CLANG_WARN_COMMA = YES;
				CLANG_WARN_CONSTANT_CONVERSION = YES;
				CLANG_WARN_DEPRECATED_OBJC_IMPLEMENTATIONS = YES;
				CLANG_WARN_DIRECT_OBJC_ISA_USAGE = YES_ERROR;
				CLANG_WARN_DOCUMENTATION_COMMENTS = YES;
				CLANG_WARN_EMPTY_BODY = YES;
				CLANG_WARN_ENUM_CONVERSION = YES;
				CLANG_WARN_INFINITE_RECURSION = YES;
				CLANG_WARN_INT_CONVERSION = YES;
				CLANG_WARN_NON_LITERAL_NULL_CONVERSION = YES;
				CLANG_WARN_OBJC_IMPLICIT_RETAIN_SELF = YES;
				CLANG_WARN_OBJC_LITERAL_CONVERSION = YES;
				CLANG_WARN_OBJC_ROOT_CLASS = YES_ERROR;
				CLANG_WARN_QUOTED_INCLUDE_IN_FRAMEWORK_HEADER = YES;
				CLANG_WARN_RANGE_LOOP_ANALYSIS = YES;
				CLANG_WARN_STRICT_PROTOTYPES = YES;
				CLANG_WARN_SUSPICIOUS_MOVE = YES;
				CLANG_WARN_UNGUARDED_AVAILABILITY = YES_AGGRESSIVE;
				CLANG_WARN_UNREACHABLE_CODE = YES;
				CLANG_WARN__DUPLICATE_METHOD_MATCH = YES;
				COPY_PHASE_STRIP = NO;
				DEBUG_INFORMATION_FORMAT = "dwarf-with-dsym";
				ENABLE_NS_ASSERTIONS = NO;
				ENABLE_STRICT_OBJC_MSGSEND = YES;
				ENABLE_USER_SCRIPT_SANDBOXING = YES;
				GCC_C_LANGUAGE_STANDARD = gnu17;
				GCC_NO_COMMON_BLOCKS = YES;
				GCC_WARN_64_TO_32_BIT_CONVERSION = YES;
				GCC_WARN_ABOUT_RETURN_TYPE = YES_ERROR;
				GCC_WARN_UNDECLARED_SELECTOR = YES;
				GCC_WARN_UNINITIALIZED_AUTOS = YES_AGGRESSIVE;
				GCC_WARN_UNUSED_FUNCTION = YES;
				GCC_WARN_UNUSED_VARIABLE = YES;
				IPHONEOS_DEPLOYMENT_TARGET = 17.5;
				LOCALIZATION_PREFERS_STRING_CATALOGS = YES;
				MTL_ENABLE_DEBUG_INFO = NO;
				MTL_FAST_MATH = YES;
				SDKROOT = iphoneos;
				SWIFT_COMPILATION_MODE = wholemodule;
				VALIDATE_PRODUCT = YES;
			};
			name = Release;
		};
		651C281B2C470FF600FFE3A6 /* Debug */ = {
			isa = XCBuildConfiguration;
			buildSettings = {
				ASSETCATALOG_COMPILER_APPICON_NAME = AppIcon;
				ASSETCATALOG_COMPILER_GLOBAL_ACCENT_COLOR_NAME = AccentColor;
				CODE_SIGN_IDENTITY = "Apple Development";
				CODE_SIGN_STYLE = Automatic;
				CURRENT_PROJECT_VERSION = 1;
				DEVELOPMENT_ASSET_PATHS = "\"Crate/Preview Content\"";
				DEVELOPMENT_TEAM = T9N9DJ6GHR;
				ENABLE_PREVIEWS = YES;
				GENERATE_INFOPLIST_FILE = YES;
				INFOPLIST_KEY_LSApplicationCategoryType = "public.app-category.music";
				INFOPLIST_KEY_UIApplicationSceneManifest_Generation = YES;
				INFOPLIST_KEY_UIApplicationSupportsIndirectInputEvents = YES;
				INFOPLIST_KEY_UILaunchScreen_Generation = YES;
				INFOPLIST_KEY_UIStatusBarHidden = YES;
				INFOPLIST_KEY_UIStatusBarStyle = "";
				INFOPLIST_KEY_UISupportedInterfaceOrientations_iPad = "UIInterfaceOrientationPortrait UIInterfaceOrientationPortraitUpsideDown UIInterfaceOrientationLandscapeLeft UIInterfaceOrientationLandscapeRight";
				INFOPLIST_KEY_UISupportedInterfaceOrientations_iPhone = "UIInterfaceOrientationPortrait UIInterfaceOrientationLandscapeLeft UIInterfaceOrientationLandscapeRight";
				LD_RUNPATH_SEARCH_PATHS = (
					"$(inherited)",
					"@executable_path/Frameworks",
				);
				MARKETING_VERSION = 0.1;
				PRODUCT_BUNDLE_IDENTIFIER = edu.monash.Crate;
				PRODUCT_NAME = "$(TARGET_NAME)";
				PROVISIONING_PROFILE_SPECIFIER = "";
				SWIFT_EMIT_LOC_STRINGS = YES;
				SWIFT_VERSION = 5.0;
				TARGETED_DEVICE_FAMILY = "1,2";
			};
			name = Debug;
		};
		651C281C2C470FF600FFE3A6 /* Release */ = {
			isa = XCBuildConfiguration;
			buildSettings = {
				ASSETCATALOG_COMPILER_APPICON_NAME = AppIcon;
				ASSETCATALOG_COMPILER_GLOBAL_ACCENT_COLOR_NAME = AccentColor;
				CODE_SIGN_IDENTITY = "Apple Development";
				CODE_SIGN_STYLE = Automatic;
				CURRENT_PROJECT_VERSION = 1;
				DEVELOPMENT_ASSET_PATHS = "\"Crate/Preview Content\"";
				DEVELOPMENT_TEAM = T9N9DJ6GHR;
				ENABLE_PREVIEWS = YES;
				GENERATE_INFOPLIST_FILE = YES;
				INFOPLIST_KEY_LSApplicationCategoryType = "public.app-category.music";
				INFOPLIST_KEY_UIApplicationSceneManifest_Generation = YES;
				INFOPLIST_KEY_UIApplicationSupportsIndirectInputEvents = YES;
				INFOPLIST_KEY_UILaunchScreen_Generation = YES;
				INFOPLIST_KEY_UIStatusBarHidden = YES;
				INFOPLIST_KEY_UIStatusBarStyle = "";
				INFOPLIST_KEY_UISupportedInterfaceOrientations_iPad = "UIInterfaceOrientationPortrait UIInterfaceOrientationPortraitUpsideDown UIInterfaceOrientationLandscapeLeft UIInterfaceOrientationLandscapeRight";
				INFOPLIST_KEY_UISupportedInterfaceOrientations_iPhone = "UIInterfaceOrientationPortrait UIInterfaceOrientationLandscapeLeft UIInterfaceOrientationLandscapeRight";
				LD_RUNPATH_SEARCH_PATHS = (
					"$(inherited)",
					"@executable_path/Frameworks",
				);
				MARKETING_VERSION = 0.1;
				PRODUCT_BUNDLE_IDENTIFIER = edu.monash.Crate;
				PRODUCT_NAME = "$(TARGET_NAME)";
				PROVISIONING_PROFILE_SPECIFIER = "";
				SWIFT_EMIT_LOC_STRINGS = YES;
				SWIFT_VERSION = 5.0;
				TARGETED_DEVICE_FAMILY = "1,2";
			};
			name = Release;
		};
/* End XCBuildConfiguration section */

/* Begin XCConfigurationList section */
		651C28072C470FF500FFE3A6 /* Build configuration list for PBXProject "Crate" */ = {
			isa = XCConfigurationList;
			buildConfigurations = (
				651C28182C470FF600FFE3A6 /* Debug */,
				651C28192C470FF600FFE3A6 /* Release */,
			);
			defaultConfigurationIsVisible = 0;
			defaultConfigurationName = Release;
		};
		651C281A2C470FF600FFE3A6 /* Build configuration list for PBXNativeTarget "Crate" */ = {
			isa = XCConfigurationList;
			buildConfigurations = (
				651C281B2C470FF600FFE3A6 /* Debug */,
				651C281C2C470FF600FFE3A6 /* Release */,
			);
			defaultConfigurationIsVisible = 0;
			defaultConfigurationName = Release;
		};
/* End XCConfigurationList section */
	};
	rootObject = 651C28042C470FF500FFE3A6 /* Project object */;
}
