// !$*UTF8*$!
{
	archiveVersion = 1;
	classes = {
	};
	objectVersion = 56;
	objects = {

/* Begin PBXBuildFile section */
		651C28102C470FF500FFE3A6 /* Crate.swift in Sources */ = {isa = PBXBuildFile; fileRef = 651C280F2C470FF500FFE3A6 /* Crate.swift */; };
		651C28142C470FF600FFE3A6 /* Assets.xcassets in Resources */ = {isa = PBXBuildFile; fileRef = 651C28132C470FF600FFE3A6 /* Assets.xcassets */; };
		651C28172C470FF600FFE3A6 /* Preview Assets.xcassets in Resources */ = {isa = PBXBuildFile; fileRef = 651C28162C470FF600FFE3A6 /* Preview Assets.xcassets */; };
		651C283E2C47105B00FFE3A6 /* HomeViewModel.swift in Sources */ = {isa = PBXBuildFile; fileRef = 651C281F2C47105B00FFE3A6 /* HomeViewModel.swift */; };
		651C28442C47105B00FFE3A6 /* TrackModel.swift in Sources */ = {isa = PBXBuildFile; fileRef = 651C28262C47105B00FFE3A6 /* TrackModel.swift */; };
		651C28462C47105B00FFE3A6 /* Color+Extensions.swift in Sources */ = {isa = PBXBuildFile; fileRef = 651C28292C47105B00FFE3A6 /* Color+Extensions.swift */; };
		651C28472C47105B00FFE3A6 /* UIImageColors.swift in Sources */ = {isa = PBXBuildFile; fileRef = 651C282B2C47105B00FFE3A6 /* UIImageColors.swift */; };
		651C28492C47105B00FFE3A6 /* MetadataService.swift in Sources */ = {isa = PBXBuildFile; fileRef = 651C282F2C47105B00FFE3A6 /* MetadataService.swift */; };
		651C284A2C47105B00FFE3A6 /* ColorUtilities.swift in Sources */ = {isa = PBXBuildFile; fileRef = 651C28312C47105B00FFE3A6 /* ColorUtilities.swift */; };
		651C284C2C47105B00FFE3A6 /* ActivityView.swift in Sources */ = {isa = PBXBuildFile; fileRef = 651C28352C47105B00FFE3A6 /* ActivityView.swift */; };
		652C9FE32D3123D100379380 /* FavoritesView.swift in Sources */ = {isa = PBXBuildFile; fileRef = 652C9FE22D3123CF00379380 /* FavoritesView.swift */; };
		652C9FE52D3123EC00379380 /* FavoritesViewModel.swift in Sources */ = {isa = PBXBuildFile; fileRef = 652C9FE42D3123E900379380 /* FavoritesViewModel.swift */; };
		652C9FE72D31243400379380 /* ListsView.swift in Sources */ = {isa = PBXBuildFile; fileRef = 652C9FE62D31243300379380 /* ListsView.swift */; };
		652C9FE92D31247500379380 /* ListsViewModel.swift in Sources */ = {isa = PBXBuildFile; fileRef = 652C9FE82D31247200379380 /* ListsViewModel.swift */; };
		652C9FEB2D31249100379380 /* ReviewsViewModel.swift in Sources */ = {isa = PBXBuildFile; fileRef = 652C9FEA2D31249000379380 /* ReviewsViewModel.swift */; };
		652C9FED2D31249A00379380 /* ReviewsView.swift in Sources */ = {isa = PBXBuildFile; fileRef = 652C9FEC2D31249400379380 /* ReviewsView.swift */; };
		652CDA752C8C7E60006810C8 /* ActivityModel.swift in Sources */ = {isa = PBXBuildFile; fileRef = 652CDA742C8C7E5C006810C8 /* ActivityModel.swift */; };
		652CDA772C8CA207006810C8 /* PlaceholderView.swift in Sources */ = {isa = PBXBuildFile; fileRef = 652CDA762C8CA201006810C8 /* PlaceholderView.swift */; };
		652CDA812C8CBE48006810C8 /* BackgroundBlurView.swift in Sources */ = {isa = PBXBuildFile; fileRef = 652CDA802C8CBE43006810C8 /* BackgroundBlurView.swift */; };
		6534A4DC2D278AAD006686BB /* ResultProtocol.swift in Sources */ = {isa = PBXBuildFile; fileRef = 6534A4DB2D278AA9006686BB /* ResultProtocol.swift */; };
		653C04512C805FD7003C8C5D /* AddReviewViewModel.swift in Sources */ = {isa = PBXBuildFile; fileRef = 653C04502C805FD3003C8C5D /* AddReviewViewModel.swift */; };
		6547C5372C7C6ABD00AB75FA /* ArtistViewModel.swift in Sources */ = {isa = PBXBuildFile; fileRef = 6547C5362C7C6ABD00AB75FA /* ArtistViewModel.swift */; };
		6547C53A2C7C92CC00AB75FA /* Kingfisher in Frameworks */ = {isa = PBXBuildFile; productRef = 6547C5392C7C92CC00AB75FA /* Kingfisher */; };
		6547C53C2C7C933D00AB75FA /* Kingfisher in Frameworks */ = {isa = PBXBuildFile; productRef = 6547C53B2C7C933D00AB75FA /* Kingfisher */; };
		654EB4622D32A72D00898F0D /* AddReviewView.swift in Sources */ = {isa = PBXBuildFile; fileRef = 654EB4612D32A72A00898F0D /* AddReviewView.swift */; };
		6557C9C72C91352A0077F3D9 /* View+Extensions.swift in Sources */ = {isa = PBXBuildFile; fileRef = 6557C9C62C9135250077F3D9 /* View+Extensions.swift */; };
		6557C9C92C918F3C0077F3D9 /* ListModel.swift in Sources */ = {isa = PBXBuildFile; fileRef = 6557C9C82C918F380077F3D9 /* ListModel.swift */; };
		6557C9CB2C9193380077F3D9 /* ListView.swift in Sources */ = {isa = PBXBuildFile; fileRef = 6557C9CA2C9193360077F3D9 /* ListView.swift */; };
		6564FAB92C53BE1D005C475D /* ProfileView.swift in Sources */ = {isa = PBXBuildFile; fileRef = 6564FAB72C53BE1D005C475D /* ProfileView.swift */; };
		6564FABD2C53BE28005C475D /* AlbumViewModel.swift in Sources */ = {isa = PBXBuildFile; fileRef = 6564FABB2C53BE28005C475D /* AlbumViewModel.swift */; };
		6564FABF2C541AC2005C475D /* Colors.swift in Sources */ = {isa = PBXBuildFile; fileRef = 6564FABE2C541AC2005C475D /* Colors.swift */; };
		656F1ED62C89FBBF00A5ADCC /* AlbumModel.swift in Sources */ = {isa = PBXBuildFile; fileRef = 656F1ED52C89FBBC00A5ADCC /* AlbumModel.swift */; };
		656F1EF02C8A1AA000A5ADCC /* ArtistModel.swift in Sources */ = {isa = PBXBuildFile; fileRef = 656F1EEF2C8A1A9C00A5ADCC /* ArtistModel.swift */; };
		65923D402C662BFE007297BD /* AlbumView.swift in Sources */ = {isa = PBXBuildFile; fileRef = 65923D3F2C662BFE007297BD /* AlbumView.swift */; };
		65923D422C662C0E007297BD /* ArtistView.swift in Sources */ = {isa = PBXBuildFile; fileRef = 65923D412C662C0E007297BD /* ArtistView.swift */; };
		65A0D4CA2C4FADE200246367 /* TabsView.swift in Sources */ = {isa = PBXBuildFile; fileRef = 65A0D4C92C4FADE200246367 /* TabsView.swift */; };
		65A0D4D02C4FADF800246367 /* SearchViewModel.swift in Sources */ = {isa = PBXBuildFile; fileRef = 65A0D4CD2C4FADF800246367 /* SearchViewModel.swift */; };
		65A0D4D62C4FAE0F00246367 /* HomeView.swift in Sources */ = {isa = PBXBuildFile; fileRef = 65A0D4D22C4FAE0F00246367 /* HomeView.swift */; };
		65A0D4D72C4FAE0F00246367 /* SearchView.swift in Sources */ = {isa = PBXBuildFile; fileRef = 65A0D4D32C4FAE0F00246367 /* SearchView.swift */; };
		65AAC38E2D3025B300BC08D1 /* GoogleService-Info.plist in Resources */ = {isa = PBXBuildFile; fileRef = 65AAC38D2D3025B300BC08D1 /* GoogleService-Info.plist */; };
		65AAC3902D30261300BC08D1 /* AccountViewModel.swift in Sources */ = {isa = PBXBuildFile; fileRef = 65AAC38F2D30260F00BC08D1 /* AccountViewModel.swift */; };
		65AAC3922D30A2D100BC08D1 /* UserService.swift in Sources */ = {isa = PBXBuildFile; fileRef = 65AAC3912D30A2CD00BC08D1 /* UserService.swift */; };
		65C02E1C2C92C31900DE2845 /* AccountView.swift in Sources */ = {isa = PBXBuildFile; fileRef = 65C02E1B2C92C31500DE2845 /* AccountView.swift */; };
		65C561862D2A504A000C71AA /* DateUtilities.swift in Sources */ = {isa = PBXBuildFile; fileRef = 65C561852D2A5047000C71AA /* DateUtilities.swift */; };
		65C5618A2D2A763E000C71AA /* UserModel.swift in Sources */ = {isa = PBXBuildFile; fileRef = 65C561892D2A763D000C71AA /* UserModel.swift */; };
		65C5618E2D2A86FD000C71AA /* ActivityViewModel.swift in Sources */ = {isa = PBXBuildFile; fileRef = 65C5618D2D2A86F9000C71AA /* ActivityViewModel.swift */; };
		65C561912D2A91D4000C71AA /* FirebaseAnalytics in Frameworks */ = {isa = PBXBuildFile; productRef = 65C561902D2A91D4000C71AA /* FirebaseAnalytics */; };
		65C561932D2A91D4000C71AA /* FirebaseAuth in Frameworks */ = {isa = PBXBuildFile; productRef = 65C561922D2A91D4000C71AA /* FirebaseAuth */; };
		65C561952D2A91D4000C71AA /* FirebaseCore in Frameworks */ = {isa = PBXBuildFile; productRef = 65C561942D2A91D4000C71AA /* FirebaseCore */; };
		65C561972D2A91D4000C71AA /* FirebaseCrashlytics in Frameworks */ = {isa = PBXBuildFile; productRef = 65C561962D2A91D4000C71AA /* FirebaseCrashlytics */; };
		65C561992D2A91D4000C71AA /* FirebaseFirestore in Frameworks */ = {isa = PBXBuildFile; productRef = 65C561982D2A91D4000C71AA /* FirebaseFirestore */; };
		65C5619B2D2A91D4000C71AA /* FirebaseMessaging in Frameworks */ = {isa = PBXBuildFile; productRef = 65C5619A2D2A91D4000C71AA /* FirebaseMessaging */; };
		65C5619D2D2A91D4000C71AA /* FirebaseStorage in Frameworks */ = {isa = PBXBuildFile; productRef = 65C5619C2D2A91D4000C71AA /* FirebaseStorage */; };
		65C8A3C62D35E91800A1578B /* UserViewModel.swift in Sources */ = {isa = PBXBuildFile; fileRef = 65C8A3C52D35E91500A1578B /* UserViewModel.swift */; };
		65C8A3CA2D3646CB00A1578B /* ProfileViewModel.swift in Sources */ = {isa = PBXBuildFile; fileRef = 65C8A3C92D3646CB00A1578B /* ProfileViewModel.swift */; };
		65CB70422D31EF1700FCC26D /* ReviewModel.swift in Sources */ = {isa = PBXBuildFile; fileRef = 65CB70412D31EF1400FCC26D /* ReviewModel.swift */; };
		65CDC2DB2D38C16E0061EE64 /* AddListView.swift in Sources */ = {isa = PBXBuildFile; fileRef = 65CDC2DA2D38C16B0061EE64 /* AddListView.swift */; };
		65CDC2DD2D38C37E0061EE64 /* AddListViewModel.swift in Sources */ = {isa = PBXBuildFile; fileRef = 65CDC2DC2D38C37C0061EE64 /* AddListViewModel.swift */; };
		65E9A6F62C9BB0E400EF1867 /* ListViewModel.swift in Sources */ = {isa = PBXBuildFile; fileRef = 65E9A6F52C9BB0E000EF1867 /* ListViewModel.swift */; };
/* End PBXBuildFile section */

/* Begin PBXFileReference section */
		651C280C2C470FF500FFE3A6 /* Crate.app */ = {isa = PBXFileReference; explicitFileType = wrapper.application; includeInIndex = 0; path = Crate.app; sourceTree = BUILT_PRODUCTS_DIR; };
		651C280F2C470FF500FFE3A6 /* Crate.swift */ = {isa = PBXFileReference; lastKnownFileType = sourcecode.swift; path = Crate.swift; sourceTree = "<group>"; };
		651C28132C470FF600FFE3A6 /* Assets.xcassets */ = {isa = PBXFileReference; lastKnownFileType = folder.assetcatalog; path = Assets.xcassets; sourceTree = "<group>"; };
		651C28162C470FF600FFE3A6 /* Preview Assets.xcassets */ = {isa = PBXFileReference; lastKnownFileType = folder.assetcatalog; path = "Preview Assets.xcassets"; sourceTree = "<group>"; };
		651C281F2C47105B00FFE3A6 /* HomeViewModel.swift */ = {isa = PBXFileReference; fileEncoding = 4; lastKnownFileType = sourcecode.swift; path = HomeViewModel.swift; sourceTree = "<group>"; };
		651C28262C47105B00FFE3A6 /* TrackModel.swift */ = {isa = PBXFileReference; fileEncoding = 4; lastKnownFileType = sourcecode.swift; path = TrackModel.swift; sourceTree = "<group>"; };
		651C28292C47105B00FFE3A6 /* Color+Extensions.swift */ = {isa = PBXFileReference; fileEncoding = 4; lastKnownFileType = sourcecode.swift; path = "Color+Extensions.swift"; sourceTree = "<group>"; };
		651C282B2C47105B00FFE3A6 /* UIImageColors.swift */ = {isa = PBXFileReference; fileEncoding = 4; lastKnownFileType = sourcecode.swift; path = UIImageColors.swift; sourceTree = "<group>"; };
		651C282F2C47105B00FFE3A6 /* MetadataService.swift */ = {isa = PBXFileReference; fileEncoding = 4; lastKnownFileType = sourcecode.swift; path = MetadataService.swift; sourceTree = "<group>"; };
		651C28312C47105B00FFE3A6 /* ColorUtilities.swift */ = {isa = PBXFileReference; fileEncoding = 4; lastKnownFileType = sourcecode.swift; path = ColorUtilities.swift; sourceTree = "<group>"; };
		651C28352C47105B00FFE3A6 /* ActivityView.swift */ = {isa = PBXFileReference; fileEncoding = 4; lastKnownFileType = sourcecode.swift; path = ActivityView.swift; sourceTree = "<group>"; };
		652C9FE22D3123CF00379380 /* FavoritesView.swift */ = {isa = PBXFileReference; lastKnownFileType = sourcecode.swift; path = FavoritesView.swift; sourceTree = "<group>"; };
		652C9FE42D3123E900379380 /* FavoritesViewModel.swift */ = {isa = PBXFileReference; lastKnownFileType = sourcecode.swift; path = FavoritesViewModel.swift; sourceTree = "<group>"; };
		652C9FE62D31243300379380 /* ListsView.swift */ = {isa = PBXFileReference; lastKnownFileType = sourcecode.swift; path = ListsView.swift; sourceTree = "<group>"; };
		652C9FE82D31247200379380 /* ListsViewModel.swift */ = {isa = PBXFileReference; lastKnownFileType = sourcecode.swift; path = ListsViewModel.swift; sourceTree = "<group>"; };
		652C9FEA2D31249000379380 /* ReviewsViewModel.swift */ = {isa = PBXFileReference; lastKnownFileType = sourcecode.swift; path = ReviewsViewModel.swift; sourceTree = "<group>"; };
		652C9FEC2D31249400379380 /* ReviewsView.swift */ = {isa = PBXFileReference; lastKnownFileType = sourcecode.swift; path = ReviewsView.swift; sourceTree = "<group>"; };
		652CDA742C8C7E5C006810C8 /* ActivityModel.swift */ = {isa = PBXFileReference; lastKnownFileType = sourcecode.swift; path = ActivityModel.swift; sourceTree = "<group>"; };
		652CDA762C8CA201006810C8 /* PlaceholderView.swift */ = {isa = PBXFileReference; lastKnownFileType = sourcecode.swift; path = PlaceholderView.swift; sourceTree = "<group>"; };
		652CDA802C8CBE43006810C8 /* BackgroundBlurView.swift */ = {isa = PBXFileReference; lastKnownFileType = sourcecode.swift; path = BackgroundBlurView.swift; sourceTree = "<group>"; };
		6534A4DB2D278AA9006686BB /* ResultProtocol.swift */ = {isa = PBXFileReference; lastKnownFileType = sourcecode.swift; path = ResultProtocol.swift; sourceTree = "<group>"; };
		653C04502C805FD3003C8C5D /* AddReviewViewModel.swift */ = {isa = PBXFileReference; lastKnownFileType = sourcecode.swift; path = AddReviewViewModel.swift; sourceTree = "<group>"; };
		6547C5362C7C6ABD00AB75FA /* ArtistViewModel.swift */ = {isa = PBXFileReference; lastKnownFileType = sourcecode.swift; path = ArtistViewModel.swift; sourceTree = "<group>"; };
		654EB4612D32A72A00898F0D /* AddReviewView.swift */ = {isa = PBXFileReference; lastKnownFileType = sourcecode.swift; path = AddReviewView.swift; sourceTree = "<group>"; };
		6557C9C62C9135250077F3D9 /* View+Extensions.swift */ = {isa = PBXFileReference; lastKnownFileType = sourcecode.swift; path = "View+Extensions.swift"; sourceTree = "<group>"; };
		6557C9C82C918F380077F3D9 /* ListModel.swift */ = {isa = PBXFileReference; lastKnownFileType = sourcecode.swift; path = ListModel.swift; sourceTree = "<group>"; };
		6557C9CA2C9193360077F3D9 /* ListView.swift */ = {isa = PBXFileReference; lastKnownFileType = sourcecode.swift; path = ListView.swift; sourceTree = "<group>"; };
		6564FAB72C53BE1D005C475D /* ProfileView.swift */ = {isa = PBXFileReference; fileEncoding = 4; lastKnownFileType = sourcecode.swift; path = ProfileView.swift; sourceTree = "<group>"; };
		6564FABB2C53BE28005C475D /* AlbumViewModel.swift */ = {isa = PBXFileReference; fileEncoding = 4; lastKnownFileType = sourcecode.swift; path = AlbumViewModel.swift; sourceTree = "<group>"; };
		6564FABE2C541AC2005C475D /* Colors.swift */ = {isa = PBXFileReference; lastKnownFileType = sourcecode.swift; path = Colors.swift; sourceTree = "<group>"; };
		656F1ED52C89FBBC00A5ADCC /* AlbumModel.swift */ = {isa = PBXFileReference; lastKnownFileType = sourcecode.swift; path = AlbumModel.swift; sourceTree = "<group>"; };
		656F1EEF2C8A1A9C00A5ADCC /* ArtistModel.swift */ = {isa = PBXFileReference; lastKnownFileType = sourcecode.swift; path = ArtistModel.swift; sourceTree = "<group>"; };
		65923D3F2C662BFE007297BD /* AlbumView.swift */ = {isa = PBXFileReference; lastKnownFileType = sourcecode.swift; path = AlbumView.swift; sourceTree = "<group>"; };
		65923D412C662C0E007297BD /* ArtistView.swift */ = {isa = PBXFileReference; lastKnownFileType = sourcecode.swift; path = ArtistView.swift; sourceTree = "<group>"; };
		65A0D4C92C4FADE200246367 /* TabsView.swift */ = {isa = PBXFileReference; fileEncoding = 4; lastKnownFileType = sourcecode.swift; path = TabsView.swift; sourceTree = "<group>"; };
		65A0D4CD2C4FADF800246367 /* SearchViewModel.swift */ = {isa = PBXFileReference; fileEncoding = 4; lastKnownFileType = sourcecode.swift; path = SearchViewModel.swift; sourceTree = "<group>"; };
		65A0D4D22C4FAE0F00246367 /* HomeView.swift */ = {isa = PBXFileReference; fileEncoding = 4; lastKnownFileType = sourcecode.swift; path = HomeView.swift; sourceTree = "<group>"; };
		65A0D4D32C4FAE0F00246367 /* SearchView.swift */ = {isa = PBXFileReference; fileEncoding = 4; lastKnownFileType = sourcecode.swift; path = SearchView.swift; sourceTree = "<group>"; };
		65AAC38D2D3025B300BC08D1 /* GoogleService-Info.plist */ = {isa = PBXFileReference; lastKnownFileType = text.plist.xml; path = "GoogleService-Info.plist"; sourceTree = "<group>"; };
		65AAC38F2D30260F00BC08D1 /* AccountViewModel.swift */ = {isa = PBXFileReference; lastKnownFileType = sourcecode.swift; path = AccountViewModel.swift; sourceTree = "<group>"; };
		65AAC3912D30A2CD00BC08D1 /* UserService.swift */ = {isa = PBXFileReference; lastKnownFileType = sourcecode.swift; path = UserService.swift; sourceTree = "<group>"; };
		65C02E1B2C92C31500DE2845 /* AccountView.swift */ = {isa = PBXFileReference; lastKnownFileType = sourcecode.swift; path = AccountView.swift; sourceTree = "<group>"; };
		65C561852D2A5047000C71AA /* DateUtilities.swift */ = {isa = PBXFileReference; lastKnownFileType = sourcecode.swift; path = DateUtilities.swift; sourceTree = "<group>"; };
		65C561892D2A763D000C71AA /* UserModel.swift */ = {isa = PBXFileReference; lastKnownFileType = sourcecode.swift; path = UserModel.swift; sourceTree = "<group>"; };
		65C5618D2D2A86F9000C71AA /* ActivityViewModel.swift */ = {isa = PBXFileReference; lastKnownFileType = sourcecode.swift; path = ActivityViewModel.swift; sourceTree = "<group>"; };
		65C8A3C52D35E91500A1578B /* UserViewModel.swift */ = {isa = PBXFileReference; lastKnownFileType = sourcecode.swift; path = UserViewModel.swift; sourceTree = "<group>"; };
		65C8A3C92D3646CB00A1578B /* ProfileViewModel.swift */ = {isa = PBXFileReference; lastKnownFileType = sourcecode.swift; path = ProfileViewModel.swift; sourceTree = "<group>"; };
		65CB70412D31EF1400FCC26D /* ReviewModel.swift */ = {isa = PBXFileReference; lastKnownFileType = sourcecode.swift; path = ReviewModel.swift; sourceTree = "<group>"; };
		65CDC2DA2D38C16B0061EE64 /* AddListView.swift */ = {isa = PBXFileReference; lastKnownFileType = sourcecode.swift; path = AddListView.swift; sourceTree = "<group>"; };
		65CDC2DC2D38C37C0061EE64 /* AddListViewModel.swift */ = {isa = PBXFileReference; lastKnownFileType = sourcecode.swift; path = AddListViewModel.swift; sourceTree = "<group>"; };
		65E9A6F52C9BB0E000EF1867 /* ListViewModel.swift */ = {isa = PBXFileReference; lastKnownFileType = sourcecode.swift; path = ListViewModel.swift; sourceTree = "<group>"; };
/* End PBXFileReference section */

/* Begin PBXFrameworksBuildPhase section */
		651C28092C470FF500FFE3A6 /* Frameworks */ = {
			isa = PBXFrameworksBuildPhase;
			buildActionMask = 2147483647;
			files = (
				65C5619B2D2A91D4000C71AA /* FirebaseMessaging in Frameworks */,
				6547C53C2C7C933D00AB75FA /* Kingfisher in Frameworks */,
				65C561932D2A91D4000C71AA /* FirebaseAuth in Frameworks */,
				65C5619D2D2A91D4000C71AA /* FirebaseStorage in Frameworks */,
				6547C53A2C7C92CC00AB75FA /* Kingfisher in Frameworks */,
				65C561972D2A91D4000C71AA /* FirebaseCrashlytics in Frameworks */,
				65C561912D2A91D4000C71AA /* FirebaseAnalytics in Frameworks */,
				65C561992D2A91D4000C71AA /* FirebaseFirestore in Frameworks */,
				65C561952D2A91D4000C71AA /* FirebaseCore in Frameworks */,
			);
			runOnlyForDeploymentPostprocessing = 0;
		};
/* End PBXFrameworksBuildPhase section */

/* Begin PBXGroup section */
		651C28032C470FF500FFE3A6 = {
			isa = PBXGroup;
			children = (
				651C280E2C470FF500FFE3A6 /* Crate */,
				65E8FC152C8DC028002A50FD /* Frameworks */,
				651C280D2C470FF500FFE3A6 /* Products */,
			);
			sourceTree = "<group>";
		};
		651C280D2C470FF500FFE3A6 /* Products */ = {
			isa = PBXGroup;
			children = (
				651C280C2C470FF500FFE3A6 /* Crate.app */,
			);
			name = Products;
			sourceTree = "<group>";
		};
		651C280E2C470FF500FFE3A6 /* Crate */ = {
			isa = PBXGroup;
			children = (
				651C28342C47105B00FFE3A6 /* Common */,
				651C28282C47105B00FFE3A6 /* Models */,
				651C28152C470FF600FFE3A6 /* Preview Content */,
				651C283B2C47105B00FFE3A6 /* Screens */,
				651C28132C470FF600FFE3A6 /* Assets.xcassets */,
				651C280F2C470FF500FFE3A6 /* Crate.swift */,
				65AAC38D2D3025B300BC08D1 /* GoogleService-Info.plist */,
			);
			path = Crate;
			sourceTree = "<group>";
		};
		651C28152C470FF600FFE3A6 /* Preview Content */ = {
			isa = PBXGroup;
			children = (
				651C28162C470FF600FFE3A6 /* Preview Assets.xcassets */,
			);
			path = "Preview Content";
			sourceTree = "<group>";
		};
		651C28282C47105B00FFE3A6 /* Models */ = {
			isa = PBXGroup;
			children = (
				652CDA742C8C7E5C006810C8 /* ActivityModel.swift */,
				656F1ED52C89FBBC00A5ADCC /* AlbumModel.swift */,
				656F1EEF2C8A1A9C00A5ADCC /* ArtistModel.swift */,
				6557C9C82C918F380077F3D9 /* ListModel.swift */,
				65CB70412D31EF1400FCC26D /* ReviewModel.swift */,
				651C28262C47105B00FFE3A6 /* TrackModel.swift */,
				65C561892D2A763D000C71AA /* UserModel.swift */,
			);
			path = Models;
			sourceTree = "<group>";
		};
		651C282A2C47105B00FFE3A6 /* Extensions */ = {
			isa = PBXGroup;
			children = (
				651C28292C47105B00FFE3A6 /* Color+Extensions.swift */,
				6557C9C62C9135250077F3D9 /* View+Extensions.swift */,
			);
			path = Extensions;
			sourceTree = "<group>";
		};
		651C282C2C47105B00FFE3A6 /* Modules */ = {
			isa = PBXGroup;
			children = (
				651C282B2C47105B00FFE3A6 /* UIImageColors.swift */,
			);
			path = Modules;
			sourceTree = "<group>";
		};
		651C28302C47105B00FFE3A6 /* Services */ = {
			isa = PBXGroup;
			children = (
				651C282F2C47105B00FFE3A6 /* MetadataService.swift */,
				65AAC3912D30A2CD00BC08D1 /* UserService.swift */,
			);
			path = Services;
			sourceTree = "<group>";
		};
		651C28322C47105B00FFE3A6 /* Utilities */ = {
			isa = PBXGroup;
			children = (
				65C561852D2A5047000C71AA /* DateUtilities.swift */,
				651C28312C47105B00FFE3A6 /* ColorUtilities.swift */,
			);
			path = Utilities;
			sourceTree = "<group>";
		};
		651C28342C47105B00FFE3A6 /* Common */ = {
			isa = PBXGroup;
			children = (
				651C282A2C47105B00FFE3A6 /* Extensions */,
				651C282C2C47105B00FFE3A6 /* Modules */,
				6534A4DF2D27B1CB006686BB /* Protocols */,
				651C28302C47105B00FFE3A6 /* Services */,
				651C28322C47105B00FFE3A6 /* Utilities */,
				6564FABE2C541AC2005C475D /* Colors.swift */,
			);
			path = Common;
			sourceTree = "<group>";
		};
		651C283B2C47105B00FFE3A6 /* Screens */ = {
			isa = PBXGroup;
			children = (
				65CDC2DE2D38C3A10061EE64 /* AddList */,
				65C02E1D2C92C32000DE2845 /* Account */,
				65923D492C6630F1007297BD /* Activity */,
				65923D502C663296007297BD /* AddReview */,
				65923D4A2C663106007297BD /* Album */,
				65923D4E2C66326B007297BD /* Artist */,
				65923D4F2C663285007297BD /* Common */,
				652C9FE12D31236C00379380 /* Favorites */,
				65923D472C6630CB007297BD /* Home */,
				6577AB0C2C91965E006AC0B7 /* List */,
				652C9FE02D31236500379380 /* Lists */,
				65923D4D2C66324B007297BD /* Profile */,
				652C9FDF2D31235A00379380 /* Reviews */,
				65923D482C6630DD007297BD /* Search */,
				65A0D4C92C4FADE200246367 /* TabsView.swift */,
			);
			path = Screens;
			sourceTree = "<group>";
		};
		652C9FDF2D31235A00379380 /* Reviews */ = {
			isa = PBXGroup;
			children = (
				652C9FEC2D31249400379380 /* ReviewsView.swift */,
				652C9FEA2D31249000379380 /* ReviewsViewModel.swift */,
			);
			path = Reviews;
			sourceTree = "<group>";
		};
		652C9FE02D31236500379380 /* Lists */ = {
			isa = PBXGroup;
			children = (
				652C9FE62D31243300379380 /* ListsView.swift */,
				652C9FE82D31247200379380 /* ListsViewModel.swift */,
			);
			path = Lists;
			sourceTree = "<group>";
		};
		652C9FE12D31236C00379380 /* Favorites */ = {
			isa = PBXGroup;
			children = (
				652C9FE22D3123CF00379380 /* FavoritesView.swift */,
				652C9FE42D3123E900379380 /* FavoritesViewModel.swift */,
			);
			path = Favorites;
			sourceTree = "<group>";
		};
		6534A4DF2D27B1CB006686BB /* Protocols */ = {
			isa = PBXGroup;
			children = (
				6534A4DB2D278AA9006686BB /* ResultProtocol.swift */,
			);
			path = Protocols;
			sourceTree = "<group>";
		};
		6577AB0C2C91965E006AC0B7 /* List */ = {
			isa = PBXGroup;
			children = (
				6557C9CA2C9193360077F3D9 /* ListView.swift */,
				65E9A6F52C9BB0E000EF1867 /* ListViewModel.swift */,
			);
			path = List;
			sourceTree = "<group>";
		};
		65923D472C6630CB007297BD /* Home */ = {
			isa = PBXGroup;
			children = (
				65A0D4D22C4FAE0F00246367 /* HomeView.swift */,
				651C281F2C47105B00FFE3A6 /* HomeViewModel.swift */,
			);
			path = Home;
			sourceTree = "<group>";
		};
		65923D482C6630DD007297BD /* Search */ = {
			isa = PBXGroup;
			children = (
				65A0D4D32C4FAE0F00246367 /* SearchView.swift */,
				65A0D4CD2C4FADF800246367 /* SearchViewModel.swift */,
			);
			path = Search;
			sourceTree = "<group>";
		};
		65923D492C6630F1007297BD /* Activity */ = {
			isa = PBXGroup;
			children = (
				651C28352C47105B00FFE3A6 /* ActivityView.swift */,
				65C5618D2D2A86F9000C71AA /* ActivityViewModel.swift */,
			);
			path = Activity;
			sourceTree = "<group>";
		};
		65923D4A2C663106007297BD /* Album */ = {
			isa = PBXGroup;
			children = (
				65923D3F2C662BFE007297BD /* AlbumView.swift */,
				6564FABB2C53BE28005C475D /* AlbumViewModel.swift */,
			);
			path = Album;
			sourceTree = "<group>";
		};
		65923D4D2C66324B007297BD /* Profile */ = {
			isa = PBXGroup;
			children = (
				6564FAB72C53BE1D005C475D /* ProfileView.swift */,
				65C8A3C92D3646CB00A1578B /* ProfileViewModel.swift */,
			);
			path = Profile;
			sourceTree = "<group>";
		};
		65923D4E2C66326B007297BD /* Artist */ = {
			isa = PBXGroup;
			children = (
				65923D412C662C0E007297BD /* ArtistView.swift */,
				6547C5362C7C6ABD00AB75FA /* ArtistViewModel.swift */,
			);
			path = Artist;
			sourceTree = "<group>";
		};
		65923D4F2C663285007297BD /* Common */ = {
			isa = PBXGroup;
			children = (
				65C8A3C52D35E91500A1578B /* UserViewModel.swift */,
				652CDA802C8CBE43006810C8 /* BackgroundBlurView.swift */,
				652CDA762C8CA201006810C8 /* PlaceholderView.swift */,
			);
			path = Common;
			sourceTree = "<group>";
		};
		65923D502C663296007297BD /* AddReview */ = {
			isa = PBXGroup;
			children = (
				654EB4612D32A72A00898F0D /* AddReviewView.swift */,
				653C04502C805FD3003C8C5D /* AddReviewViewModel.swift */,
			);
			path = AddReview;
			sourceTree = "<group>";
		};
		65C02E1D2C92C32000DE2845 /* Account */ = {
			isa = PBXGroup;
			children = (
				65C02E1B2C92C31500DE2845 /* AccountView.swift */,
				65AAC38F2D30260F00BC08D1 /* AccountViewModel.swift */,
			);
			path = Account;
			sourceTree = "<group>";
		};
		65CDC2DE2D38C3A10061EE64 /* AddList */ = {
			isa = PBXGroup;
			children = (
				65CDC2DA2D38C16B0061EE64 /* AddListView.swift */,
				65CDC2DC2D38C37C0061EE64 /* AddListViewModel.swift */,
			);
			path = AddList;
			sourceTree = "<group>";
		};
		65E8FC152C8DC028002A50FD /* Frameworks */ = {
			isa = PBXGroup;
			children = (
			);
			name = Frameworks;
			sourceTree = "<group>";
		};
/* End PBXGroup section */

/* Begin PBXNativeTarget section */
		651C280B2C470FF500FFE3A6 /* Crate */ = {
			isa = PBXNativeTarget;
			buildConfigurationList = 651C281A2C470FF600FFE3A6 /* Build configuration list for PBXNativeTarget "Crate" */;
			buildPhases = (
				651C28082C470FF500FFE3A6 /* Sources */,
				651C28092C470FF500FFE3A6 /* Frameworks */,
				651C280A2C470FF500FFE3A6 /* Resources */,
			);
			buildRules = (
			);
			dependencies = (
			);
			name = Crate;
			productName = Crate;
			productReference = 651C280C2C470FF500FFE3A6 /* Crate.app */;
			productType = "com.apple.product-type.application";
		};
/* End PBXNativeTarget section */

/* Begin PBXProject section */
		651C28042C470FF500FFE3A6 /* Project object */ = {
			isa = PBXProject;
			attributes = {
				BuildIndependentTargetsInParallel = 1;
				LastSwiftUpdateCheck = 1540;
				LastUpgradeCheck = 1540;
				TargetAttributes = {
					651C280B2C470FF500FFE3A6 = {
						CreatedOnToolsVersion = 15.4;
					};
				};
			};
			buildConfigurationList = 651C28072C470FF500FFE3A6 /* Build configuration list for PBXProject "Crate" */;
			compatibilityVersion = "Xcode 14.0";
			developmentRegion = en;
			hasScannedForEncodings = 0;
			knownRegions = (
				en,
				Base,
			);
			mainGroup = 651C28032C470FF500FFE3A6;
			packageReferences = (
				6547C5382C7C92CC00AB75FA /* XCRemoteSwiftPackageReference "Kingfisher" */,
				65C5618F2D2A91D4000C71AA /* XCRemoteSwiftPackageReference "firebase-ios-sdk" */,
			);
			productRefGroup = 651C280D2C470FF500FFE3A6 /* Products */;
			projectDirPath = "";
			projectRoot = "";
			targets = (
				651C280B2C470FF500FFE3A6 /* Crate */,
			);
		};
/* End PBXProject section */

/* Begin PBXResourcesBuildPhase section */
		651C280A2C470FF500FFE3A6 /* Resources */ = {
			isa = PBXResourcesBuildPhase;
			buildActionMask = 2147483647;
			files = (
				651C28172C470FF600FFE3A6 /* Preview Assets.xcassets in Resources */,
				651C28142C470FF600FFE3A6 /* Assets.xcassets in Resources */,
				65AAC38E2D3025B300BC08D1 /* GoogleService-Info.plist in Resources */,
			);
			runOnlyForDeploymentPostprocessing = 0;
		};
/* End PBXResourcesBuildPhase section */

/* Begin PBXSourcesBuildPhase section */
		651C28082C470FF500FFE3A6 /* Sources */ = {
			isa = PBXSourcesBuildPhase;
			buildActionMask = 2147483647;
			files = (
				6564FABF2C541AC2005C475D /* Colors.swift in Sources */,
				651C28442C47105B00FFE3A6 /* TrackModel.swift in Sources */,
				651C28462C47105B00FFE3A6 /* Color+Extensions.swift in Sources */,
				652C9FE32D3123D100379380 /* FavoritesView.swift in Sources */,
				65AAC3902D30261300BC08D1 /* AccountViewModel.swift in Sources */,
				65A0D4CA2C4FADE200246367 /* TabsView.swift in Sources */,
				651C284A2C47105B00FFE3A6 /* ColorUtilities.swift in Sources */,
				651C283E2C47105B00FFE3A6 /* HomeViewModel.swift in Sources */,
				6547C5372C7C6ABD00AB75FA /* ArtistViewModel.swift in Sources */,
				65C5618A2D2A763E000C71AA /* UserModel.swift in Sources */,
				6534A4DC2D278AAD006686BB /* ResultProtocol.swift in Sources */,
				65AAC3922D30A2D100BC08D1 /* UserService.swift in Sources */,
				65A0D4D72C4FAE0F00246367 /* SearchView.swift in Sources */,
				653C04512C805FD7003C8C5D /* AddReviewViewModel.swift in Sources */,
				65E9A6F62C9BB0E400EF1867 /* ListViewModel.swift in Sources */,
				651C284C2C47105B00FFE3A6 /* ActivityView.swift in Sources */,
				652CDA752C8C7E60006810C8 /* ActivityModel.swift in Sources */,
				651C28492C47105B00FFE3A6 /* MetadataService.swift in Sources */,
				654EB4622D32A72D00898F0D /* AddReviewView.swift in Sources */,
				652C9FEB2D31249100379380 /* ReviewsViewModel.swift in Sources */,
				65C02E1C2C92C31900DE2845 /* AccountView.swift in Sources */,
				65923D422C662C0E007297BD /* ArtistView.swift in Sources */,
				656F1ED62C89FBBF00A5ADCC /* AlbumModel.swift in Sources */,
				65C5618E2D2A86FD000C71AA /* ActivityViewModel.swift in Sources */,
				65CDC2DD2D38C37E0061EE64 /* AddListViewModel.swift in Sources */,
				65CB70422D31EF1700FCC26D /* ReviewModel.swift in Sources */,
				651C28472C47105B00FFE3A6 /* UIImageColors.swift in Sources */,
				65923D402C662BFE007297BD /* AlbumView.swift in Sources */,
				6557C9C72C91352A0077F3D9 /* View+Extensions.swift in Sources */,
				65C561862D2A504A000C71AA /* DateUtilities.swift in Sources */,
				652C9FED2D31249A00379380 /* ReviewsView.swift in Sources */,
				65A0D4D02C4FADF800246367 /* SearchViewModel.swift in Sources */,
				652CDA772C8CA207006810C8 /* PlaceholderView.swift in Sources */,
				65CDC2DB2D38C16E0061EE64 /* AddListView.swift in Sources */,
				652C9FE72D31243400379380 /* ListsView.swift in Sources */,
				65A0D4D62C4FAE0F00246367 /* HomeView.swift in Sources */,
				652C9FE92D31247500379380 /* ListsViewModel.swift in Sources */,
				65C8A3CA2D3646CB00A1578B /* ProfileViewModel.swift in Sources */,
				652CDA812C8CBE48006810C8 /* BackgroundBlurView.swift in Sources */,
				656F1EF02C8A1AA000A5ADCC /* ArtistModel.swift in Sources */,
				6557C9CB2C9193380077F3D9 /* ListView.swift in Sources */,
				652C9FE52D3123EC00379380 /* FavoritesViewModel.swift in Sources */,
				6564FAB92C53BE1D005C475D /* ProfileView.swift in Sources */,
				6564FABD2C53BE28005C475D /* AlbumViewModel.swift in Sources */,
				6557C9C92C918F3C0077F3D9 /* ListModel.swift in Sources */,
				65C8A3C62D35E91800A1578B /* UserViewModel.swift in Sources */,
				651C28102C470FF500FFE3A6 /* Crate.swift in Sources */,
			);
			runOnlyForDeploymentPostprocessing = 0;
		};
/* End PBXSourcesBuildPhase section */

/* Begin XCBuildConfiguration section */
		651C28182C470FF600FFE3A6 /* Debug */ = {
			isa = XCBuildConfiguration;
			buildSettings = {
				ALWAYS_SEARCH_USER_PATHS = NO;
				ASSETCATALOG_COMPILER_GENERATE_SWIFT_ASSET_SYMBOL_EXTENSIONS = YES;
				CLANG_ANALYZER_NONNULL = YES;
				CLANG_ANALYZER_NUMBER_OBJECT_CONVERSION = YES_AGGRESSIVE;
				CLANG_CXX_LANGUAGE_STANDARD = "gnu++20";
				CLANG_ENABLE_MODULES = YES;
				CLANG_ENABLE_OBJC_ARC = YES;
				CLANG_ENABLE_OBJC_WEAK = YES;
				CLANG_WARN_BLOCK_CAPTURE_AUTORELEASING = YES;
				CLANG_WARN_BOOL_CONVERSION = YES;
				CLANG_WARN_COMMA = YES;
				CLANG_WARN_CONSTANT_CONVERSION = YES;
				CLANG_WARN_DEPRECATED_OBJC_IMPLEMENTATIONS = YES;
				CLANG_WARN_DIRECT_OBJC_ISA_USAGE = YES_ERROR;
				CLANG_WARN_DOCUMENTATION_COMMENTS = YES;
				CLANG_WARN_EMPTY_BODY = YES;
				CLANG_WARN_ENUM_CONVERSION = YES;
				CLANG_WARN_INFINITE_RECURSION = YES;
				CLANG_WARN_INT_CONVERSION = YES;
				CLANG_WARN_NON_LITERAL_NULL_CONVERSION = YES;
				CLANG_WARN_OBJC_IMPLICIT_RETAIN_SELF = YES;
				CLANG_WARN_OBJC_LITERAL_CONVERSION = YES;
				CLANG_WARN_OBJC_ROOT_CLASS = YES_ERROR;
				CLANG_WARN_QUOTED_INCLUDE_IN_FRAMEWORK_HEADER = YES;
				CLANG_WARN_RANGE_LOOP_ANALYSIS = YES;
				CLANG_WARN_STRICT_PROTOTYPES = YES;
				CLANG_WARN_SUSPICIOUS_MOVE = YES;
				CLANG_WARN_UNGUARDED_AVAILABILITY = YES_AGGRESSIVE;
				CLANG_WARN_UNREACHABLE_CODE = YES;
				CLANG_WARN__DUPLICATE_METHOD_MATCH = YES;
				COPY_PHASE_STRIP = NO;
				DEBUG_INFORMATION_FORMAT = dwarf;
				ENABLE_STRICT_OBJC_MSGSEND = YES;
				ENABLE_TESTABILITY = YES;
				ENABLE_USER_SCRIPT_SANDBOXING = YES;
				GCC_C_LANGUAGE_STANDARD = gnu17;
				GCC_DYNAMIC_NO_PIC = NO;
				GCC_NO_COMMON_BLOCKS = YES;
				GCC_OPTIMIZATION_LEVEL = 0;
				GCC_PREPROCESSOR_DEFINITIONS = (
					"DEBUG=1",
					"$(inherited)",
				);
				GCC_WARN_64_TO_32_BIT_CONVERSION = YES;
				GCC_WARN_ABOUT_RETURN_TYPE = YES_ERROR;
				GCC_WARN_UNDECLARED_SELECTOR = YES;
				GCC_WARN_UNINITIALIZED_AUTOS = YES_AGGRESSIVE;
				GCC_WARN_UNUSED_FUNCTION = YES;
				GCC_WARN_UNUSED_VARIABLE = YES;
				IPHONEOS_DEPLOYMENT_TARGET = 17.5;
				LOCALIZATION_PREFERS_STRING_CATALOGS = YES;
				MTL_ENABLE_DEBUG_INFO = INCLUDE_SOURCE;
				MTL_FAST_MATH = YES;
				ONLY_ACTIVE_ARCH = YES;
				SDKROOT = iphoneos;
				SWIFT_ACTIVE_COMPILATION_CONDITIONS = "DEBUG $(inherited)";
				SWIFT_OPTIMIZATION_LEVEL = "-Onone";
			};
			name = Debug;
		};
		651C28192C470FF600FFE3A6 /* Release */ = {
			isa = XCBuildConfiguration;
			buildSettings = {
				ALWAYS_SEARCH_USER_PATHS = NO;
				ASSETCATALOG_COMPILER_GENERATE_SWIFT_ASSET_SYMBOL_EXTENSIONS = YES;
				CLANG_ANALYZER_NONNULL = YES;
				CLANG_ANALYZER_NUMBER_OBJECT_CONVERSION = YES_AGGRESSIVE;
				CLANG_CXX_LANGUAGE_STANDARD = "gnu++20";
				CLANG_ENABLE_MODULES = YES;
				CLANG_ENABLE_OBJC_ARC = YES;
				CLANG_ENABLE_OBJC_WEAK = YES;
				CLANG_WARN_BLOCK_CAPTURE_AUTORELEASING = YES;
				CLANG_WARN_BOOL_CONVERSION = YES;
				CLANG_WARN_COMMA = YES;
				CLANG_WARN_CONSTANT_CONVERSION = YES;
				CLANG_WARN_DEPRECATED_OBJC_IMPLEMENTATIONS = YES;
				CLANG_WARN_DIRECT_OBJC_ISA_USAGE = YES_ERROR;
				CLANG_WARN_DOCUMENTATION_COMMENTS = YES;
				CLANG_WARN_EMPTY_BODY = YES;
				CLANG_WARN_ENUM_CONVERSION = YES;
				CLANG_WARN_INFINITE_RECURSION = YES;
				CLANG_WARN_INT_CONVERSION = YES;
				CLANG_WARN_NON_LITERAL_NULL_CONVERSION = YES;
				CLANG_WARN_OBJC_IMPLICIT_RETAIN_SELF = YES;
				CLANG_WARN_OBJC_LITERAL_CONVERSION = YES;
				CLANG_WARN_OBJC_ROOT_CLASS = YES_ERROR;
				CLANG_WARN_QUOTED_INCLUDE_IN_FRAMEWORK_HEADER = YES;
				CLANG_WARN_RANGE_LOOP_ANALYSIS = YES;
				CLANG_WARN_STRICT_PROTOTYPES = YES;
				CLANG_WARN_SUSPICIOUS_MOVE = YES;
				CLANG_WARN_UNGUARDED_AVAILABILITY = YES_AGGRESSIVE;
				CLANG_WARN_UNREACHABLE_CODE = YES;
				CLANG_WARN__DUPLICATE_METHOD_MATCH = YES;
				COPY_PHASE_STRIP = NO;
				DEBUG_INFORMATION_FORMAT = "dwarf-with-dsym";
				ENABLE_NS_ASSERTIONS = NO;
				ENABLE_STRICT_OBJC_MSGSEND = YES;
				ENABLE_USER_SCRIPT_SANDBOXING = YES;
				GCC_C_LANGUAGE_STANDARD = gnu17;
				GCC_NO_COMMON_BLOCKS = YES;
				GCC_WARN_64_TO_32_BIT_CONVERSION = YES;
				GCC_WARN_ABOUT_RETURN_TYPE = YES_ERROR;
				GCC_WARN_UNDECLARED_SELECTOR = YES;
				GCC_WARN_UNINITIALIZED_AUTOS = YES_AGGRESSIVE;
				GCC_WARN_UNUSED_FUNCTION = YES;
				GCC_WARN_UNUSED_VARIABLE = YES;
				IPHONEOS_DEPLOYMENT_TARGET = 17.5;
				LOCALIZATION_PREFERS_STRING_CATALOGS = YES;
				MTL_ENABLE_DEBUG_INFO = NO;
				MTL_FAST_MATH = YES;
				SDKROOT = iphoneos;
				SWIFT_COMPILATION_MODE = wholemodule;
				VALIDATE_PRODUCT = YES;
			};
			name = Release;
		};
		651C281B2C470FF600FFE3A6 /* Debug */ = {
			isa = XCBuildConfiguration;
			buildSettings = {
				ASSETCATALOG_COMPILER_APPICON_NAME = AppIcon;
				ASSETCATALOG_COMPILER_GLOBAL_ACCENT_COLOR_NAME = AccentColor;
				CODE_SIGN_IDENTITY = "Apple Development";
				CODE_SIGN_STYLE = Automatic;
				CURRENT_PROJECT_VERSION = 1;
				DEVELOPMENT_ASSET_PATHS = "\"Crate/Preview Content\"";
				DEVELOPMENT_TEAM = T9N9DJ6GHR;
				ENABLE_PREVIEWS = YES;
				GENERATE_INFOPLIST_FILE = YES;
				INFOPLIST_KEY_LSApplicationCategoryType = "public.app-category.music";
				INFOPLIST_KEY_UIApplicationSceneManifest_Generation = YES;
				INFOPLIST_KEY_UIApplicationSupportsIndirectInputEvents = YES;
				INFOPLIST_KEY_UILaunchScreen_Generation = YES;
				INFOPLIST_KEY_UIStatusBarHidden = YES;
				INFOPLIST_KEY_UIStatusBarStyle = "";
				INFOPLIST_KEY_UISupportedInterfaceOrientations_iPad = "UIInterfaceOrientationPortrait UIInterfaceOrientationPortraitUpsideDown UIInterfaceOrientationLandscapeLeft UIInterfaceOrientationLandscapeRight";
				INFOPLIST_KEY_UISupportedInterfaceOrientations_iPhone = "UIInterfaceOrientationPortrait UIInterfaceOrientationLandscapeLeft UIInterfaceOrientationLandscapeRight";
				IPHONEOS_DEPLOYMENT_TARGET = 18.0;
				LD_RUNPATH_SEARCH_PATHS = (
					"$(inherited)",
					"@executable_path/Frameworks",
				);
				MARKETING_VERSION = 0.1;
				PRODUCT_BUNDLE_IDENTIFIER = edu.monash.Crate;
				PRODUCT_NAME = "$(TARGET_NAME)";
				PROVISIONING_PROFILE_SPECIFIER = "";
				SWIFT_EMIT_LOC_STRINGS = YES;
				SWIFT_VERSION = 5.0;
				TARGETED_DEVICE_FAMILY = "1,2";
			};
			name = Debug;
		};
		651C281C2C470FF600FFE3A6 /* Release */ = {
			isa = XCBuildConfiguration;
			buildSettings = {
				ASSETCATALOG_COMPILER_APPICON_NAME = AppIcon;
				ASSETCATALOG_COMPILER_GLOBAL_ACCENT_COLOR_NAME = AccentColor;
				CODE_SIGN_IDENTITY = "Apple Development";
				CODE_SIGN_STYLE = Automatic;
				CURRENT_PROJECT_VERSION = 1;
				DEVELOPMENT_ASSET_PATHS = "\"Crate/Preview Content\"";
				DEVELOPMENT_TEAM = T9N9DJ6GHR;
				ENABLE_PREVIEWS = YES;
				GENERATE_INFOPLIST_FILE = YES;
				INFOPLIST_KEY_LSApplicationCategoryType = "public.app-category.music";
				INFOPLIST_KEY_UIApplicationSceneManifest_Generation = YES;
				INFOPLIST_KEY_UIApplicationSupportsIndirectInputEvents = YES;
				INFOPLIST_KEY_UILaunchScreen_Generation = YES;
				INFOPLIST_KEY_UIStatusBarHidden = YES;
				INFOPLIST_KEY_UIStatusBarStyle = "";
				INFOPLIST_KEY_UISupportedInterfaceOrientations_iPad = "UIInterfaceOrientationPortrait UIInterfaceOrientationPortraitUpsideDown UIInterfaceOrientationLandscapeLeft UIInterfaceOrientationLandscapeRight";
				INFOPLIST_KEY_UISupportedInterfaceOrientations_iPhone = "UIInterfaceOrientationPortrait UIInterfaceOrientationLandscapeLeft UIInterfaceOrientationLandscapeRight";
				IPHONEOS_DEPLOYMENT_TARGET = 18.0;
				LD_RUNPATH_SEARCH_PATHS = (
					"$(inherited)",
					"@executable_path/Frameworks",
				);
				MARKETING_VERSION = 0.1;
				PRODUCT_BUNDLE_IDENTIFIER = edu.monash.Crate;
				PRODUCT_NAME = "$(TARGET_NAME)";
				PROVISIONING_PROFILE_SPECIFIER = "";
				SWIFT_EMIT_LOC_STRINGS = YES;
				SWIFT_VERSION = 5.0;
				TARGETED_DEVICE_FAMILY = "1,2";
			};
			name = Release;
		};
/* End XCBuildConfiguration section */

/* Begin XCConfigurationList section */
		651C28072C470FF500FFE3A6 /* Build configuration list for PBXProject "Crate" */ = {
			isa = XCConfigurationList;
			buildConfigurations = (
				651C28182C470FF600FFE3A6 /* Debug */,
				651C28192C470FF600FFE3A6 /* Release */,
			);
			defaultConfigurationIsVisible = 0;
			defaultConfigurationName = Release;
		};
		651C281A2C470FF600FFE3A6 /* Build configuration list for PBXNativeTarget "Crate" */ = {
			isa = XCConfigurationList;
			buildConfigurations = (
				651C281B2C470FF600FFE3A6 /* Debug */,
				651C281C2C470FF600FFE3A6 /* Release */,
			);
			defaultConfigurationIsVisible = 0;
			defaultConfigurationName = Release;
		};
/* End XCConfigurationList section */

/* Begin XCRemoteSwiftPackageReference section */
		6547C5382C7C92CC00AB75FA /* XCRemoteSwiftPackageReference "Kingfisher" */ = {
			isa = XCRemoteSwiftPackageReference;
			repositoryURL = "https://github.com/onevcat/Kingfisher.git";
			requirement = {
				kind = upToNextMajorVersion;
				minimumVersion = 7.12.0;
			};
		};
		65C5618F2D2A91D4000C71AA /* XCRemoteSwiftPackageReference "firebase-ios-sdk" */ = {
			isa = XCRemoteSwiftPackageReference;
			repositoryURL = "https://github.com/firebase/firebase-ios-sdk";
			requirement = {
				kind = upToNextMajorVersion;
				minimumVersion = 11.6.0;
			};
		};
/* End XCRemoteSwiftPackageReference section */

/* Begin XCSwiftPackageProductDependency section */
		6547C5392C7C92CC00AB75FA /* Kingfisher */ = {
			isa = XCSwiftPackageProductDependency;
			package = 6547C5382C7C92CC00AB75FA /* XCRemoteSwiftPackageReference "Kingfisher" */;
			productName = Kingfisher;
		};
		6547C53B2C7C933D00AB75FA /* Kingfisher */ = {
			isa = XCSwiftPackageProductDependency;
			package = 6547C5382C7C92CC00AB75FA /* XCRemoteSwiftPackageReference "Kingfisher" */;
			productName = Kingfisher;
		};
		65C561902D2A91D4000C71AA /* FirebaseAnalytics */ = {
			isa = XCSwiftPackageProductDependency;
			package = 65C5618F2D2A91D4000C71AA /* XCRemoteSwiftPackageReference "firebase-ios-sdk" */;
			productName = FirebaseAnalytics;
		};
		65C561922D2A91D4000C71AA /* FirebaseAuth */ = {
			isa = XCSwiftPackageProductDependency;
			package = 65C5618F2D2A91D4000C71AA /* XCRemoteSwiftPackageReference "firebase-ios-sdk" */;
			productName = FirebaseAuth;
		};
		65C561942D2A91D4000C71AA /* FirebaseCore */ = {
			isa = XCSwiftPackageProductDependency;
			package = 65C5618F2D2A91D4000C71AA /* XCRemoteSwiftPackageReference "firebase-ios-sdk" */;
			productName = FirebaseCore;
		};
		65C561962D2A91D4000C71AA /* FirebaseCrashlytics */ = {
			isa = XCSwiftPackageProductDependency;
			package = 65C5618F2D2A91D4000C71AA /* XCRemoteSwiftPackageReference "firebase-ios-sdk" */;
			productName = FirebaseCrashlytics;
		};
		65C561982D2A91D4000C71AA /* FirebaseFirestore */ = {
			isa = XCSwiftPackageProductDependency;
			package = 65C5618F2D2A91D4000C71AA /* XCRemoteSwiftPackageReference "firebase-ios-sdk" */;
			productName = FirebaseFirestore;
		};
		65C5619A2D2A91D4000C71AA /* FirebaseMessaging */ = {
			isa = XCSwiftPackageProductDependency;
			package = 65C5618F2D2A91D4000C71AA /* XCRemoteSwiftPackageReference "firebase-ios-sdk" */;
			productName = FirebaseMessaging;
		};
		65C5619C2D2A91D4000C71AA /* FirebaseStorage */ = {
			isa = XCSwiftPackageProductDependency;
			package = 65C5618F2D2A91D4000C71AA /* XCRemoteSwiftPackageReference "firebase-ios-sdk" */;
			productName = FirebaseStorage;
		};
/* End XCSwiftPackageProductDependency section */
	};
	rootObject = 651C28042C470FF500FFE3A6 /* Project object */;
}
